// !$*UTF8*$!
{
	archiveVersion = 1;
	classes = {
	};
	objectVersion = 50;
	objects = {

/* Begin PBXBuildFile section */
		5A07D52C22C68AF400340D5F /* AppDelegate.swift in Sources */ = {isa = PBXBuildFile; fileRef = 5A07D52B22C68AF400340D5F /* AppDelegate.swift */; };
		5A07D52E22C68AF400340D5F /* SceneDelegate.swift in Sources */ = {isa = PBXBuildFile; fileRef = 5A07D52D22C68AF400340D5F /* SceneDelegate.swift */; };
		5A07D53022C68AF400340D5F /* ContentView.swift in Sources */ = {isa = PBXBuildFile; fileRef = 5A07D52F22C68AF400340D5F /* ContentView.swift */; };
		5A07D53222C68AF800340D5F /* Assets.xcassets in Resources */ = {isa = PBXBuildFile; fileRef = 5A07D53122C68AF800340D5F /* Assets.xcassets */; };
		5A07D53522C68AF800340D5F /* Preview Assets.xcassets in Resources */ = {isa = PBXBuildFile; fileRef = 5A07D53422C68AF800340D5F /* Preview Assets.xcassets */; };
		5A07D53822C68AF800340D5F /* LaunchScreen.storyboard in Resources */ = {isa = PBXBuildFile; fileRef = 5A07D53622C68AF800340D5F /* LaunchScreen.storyboard */; };
		5A07D54322C68AF800340D5F /* combineTests.swift in Sources */ = {isa = PBXBuildFile; fileRef = 5A07D54222C68AF800340D5F /* combineTests.swift */; };
		5A07D55022C68BD600340D5F /* MainFlowCoordinator.swift in Sources */ = {isa = PBXBuildFile; fileRef = 5A07D54F22C68BD600340D5F /* MainFlowCoordinator.swift */; };
/* End PBXBuildFile section */

/* Begin PBXContainerItemProxy section */
		5A07D53F22C68AF800340D5F /* PBXContainerItemProxy */ = {
			isa = PBXContainerItemProxy;
			containerPortal = 5A07D52022C68AF400340D5F /* Project object */;
			proxyType = 1;
			remoteGlobalIDString = 5A07D52722C68AF400340D5F;
			remoteInfo = combine;
		};
/* End PBXContainerItemProxy section */

/* Begin PBXFileReference section */
		5A07D52822C68AF400340D5F /* combine.app */ = {isa = PBXFileReference; explicitFileType = wrapper.application; includeInIndex = 0; path = combine.app; sourceTree = BUILT_PRODUCTS_DIR; };
		5A07D52B22C68AF400340D5F /* AppDelegate.swift */ = {isa = PBXFileReference; lastKnownFileType = sourcecode.swift; path = AppDelegate.swift; sourceTree = "<group>"; };
		5A07D52D22C68AF400340D5F /* SceneDelegate.swift */ = {isa = PBXFileReference; lastKnownFileType = sourcecode.swift; path = SceneDelegate.swift; sourceTree = "<group>"; };
		5A07D52F22C68AF400340D5F /* ContentView.swift */ = {isa = PBXFileReference; lastKnownFileType = sourcecode.swift; path = ContentView.swift; sourceTree = "<group>"; };
		5A07D53122C68AF800340D5F /* Assets.xcassets */ = {isa = PBXFileReference; lastKnownFileType = folder.assetcatalog; path = Assets.xcassets; sourceTree = "<group>"; };
		5A07D53422C68AF800340D5F /* Preview Assets.xcassets */ = {isa = PBXFileReference; lastKnownFileType = folder.assetcatalog; path = "Preview Assets.xcassets"; sourceTree = "<group>"; };
		5A07D53722C68AF800340D5F /* Base */ = {isa = PBXFileReference; lastKnownFileType = file.storyboard; name = Base; path = Base.lproj/LaunchScreen.storyboard; sourceTree = "<group>"; };
		5A07D53922C68AF800340D5F /* Info.plist */ = {isa = PBXFileReference; lastKnownFileType = text.plist.xml; path = Info.plist; sourceTree = "<group>"; };
		5A07D53E22C68AF800340D5F /* combineTests.xctest */ = {isa = PBXFileReference; explicitFileType = wrapper.cfbundle; includeInIndex = 0; path = combineTests.xctest; sourceTree = BUILT_PRODUCTS_DIR; };
		5A07D54222C68AF800340D5F /* combineTests.swift */ = {isa = PBXFileReference; lastKnownFileType = sourcecode.swift; path = combineTests.swift; sourceTree = "<group>"; };
		5A07D54422C68AF800340D5F /* Info.plist */ = {isa = PBXFileReference; lastKnownFileType = text.plist.xml; path = Info.plist; sourceTree = "<group>"; };
		5A07D54F22C68BD600340D5F /* MainFlowCoordinator.swift */ = {isa = PBXFileReference; fileEncoding = 4; lastKnownFileType = sourcecode.swift; path = MainFlowCoordinator.swift; sourceTree = "<group>"; };
/* End PBXFileReference section */

/* Begin PBXFrameworksBuildPhase section */
		5A07D52522C68AF400340D5F /* Frameworks */ = {
			isa = PBXFrameworksBuildPhase;
			buildActionMask = 2147483647;
			files = (
			);
			runOnlyForDeploymentPostprocessing = 0;
		};
		5A07D53B22C68AF800340D5F /* Frameworks */ = {
			isa = PBXFrameworksBuildPhase;
			buildActionMask = 2147483647;
			files = (
			);
			runOnlyForDeploymentPostprocessing = 0;
		};
/* End PBXFrameworksBuildPhase section */

/* Begin PBXGroup section */
		5A07D51F22C68AF400340D5F = {
			isa = PBXGroup;
			children = (
				5A07D52A22C68AF400340D5F /* combine */,
				5A07D54122C68AF800340D5F /* combineTests */,
				5A07D52922C68AF400340D5F /* Products */,
			);
			sourceTree = "<group>";
		};
		5A07D52922C68AF400340D5F /* Products */ = {
			isa = PBXGroup;
			children = (
				5A07D52822C68AF400340D5F /* combine.app */,
				5A07D53E22C68AF800340D5F /* combineTests.xctest */,
			);
			name = Products;
			sourceTree = "<group>";
		};
		5A07D52A22C68AF400340D5F /* combine */ = {
			isa = PBXGroup;
			children = (
				5A07D54D22C68B0200340D5F /* DomainLayer */,
				5A07D52B22C68AF400340D5F /* AppDelegate.swift */,
				5A07D52D22C68AF400340D5F /* SceneDelegate.swift */,
				5A07D52F22C68AF400340D5F /* ContentView.swift */,
				5A07D53122C68AF800340D5F /* Assets.xcassets */,
				5A07D53622C68AF800340D5F /* LaunchScreen.storyboard */,
				5A07D53922C68AF800340D5F /* Info.plist */,
				5A07D53322C68AF800340D5F /* Preview Content */,
			);
			path = combine;
			sourceTree = "<group>";
		};
		5A07D53322C68AF800340D5F /* Preview Content */ = {
			isa = PBXGroup;
			children = (
				5A07D53422C68AF800340D5F /* Preview Assets.xcassets */,
			);
			path = "Preview Content";
			sourceTree = "<group>";
		};
		5A07D54122C68AF800340D5F /* combineTests */ = {
			isa = PBXGroup;
			children = (
				5A07D54222C68AF800340D5F /* combineTests.swift */,
				5A07D54422C68AF800340D5F /* Info.plist */,
			);
			path = combineTests;
			sourceTree = "<group>";
		};
		5A07D54D22C68B0200340D5F /* DomainLayer */ = {
			isa = PBXGroup;
			children = (
				5A07D54E22C68B0B00340D5F /* Coordinators */,
			);
			path = DomainLayer;
			sourceTree = "<group>";
		};
		5A07D54E22C68B0B00340D5F /* Coordinators */ = {
			isa = PBXGroup;
			children = (
				5A07D54F22C68BD600340D5F /* MainFlowCoordinator.swift */,
			);
			path = Coordinators;
			sourceTree = "<group>";
		};
/* End PBXGroup section */

/* Begin PBXNativeTarget section */
		5A07D52722C68AF400340D5F /* combine */ = {
			isa = PBXNativeTarget;
			buildConfigurationList = 5A07D54722C68AF800340D5F /* Build configuration list for PBXNativeTarget "combine" */;
			buildPhases = (
				5A07D52422C68AF400340D5F /* Sources */,
				5A07D52522C68AF400340D5F /* Frameworks */,
				5A07D52622C68AF400340D5F /* Resources */,
			);
			buildRules = (
			);
			dependencies = (
			);
			name = combine;
			productName = combine;
			productReference = 5A07D52822C68AF400340D5F /* combine.app */;
			productType = "com.apple.product-type.application";
		};
		5A07D53D22C68AF800340D5F /* combineTests */ = {
			isa = PBXNativeTarget;
			buildConfigurationList = 5A07D54A22C68AF800340D5F /* Build configuration list for PBXNativeTarget "combineTests" */;
			buildPhases = (
				5A07D53A22C68AF800340D5F /* Sources */,
				5A07D53B22C68AF800340D5F /* Frameworks */,
				5A07D53C22C68AF800340D5F /* Resources */,
			);
			buildRules = (
			);
			dependencies = (
				5A07D54022C68AF800340D5F /* PBXTargetDependency */,
			);
			name = combineTests;
			productName = combineTests;
			productReference = 5A07D53E22C68AF800340D5F /* combineTests.xctest */;
			productType = "com.apple.product-type.bundle.unit-test";
		};
/* End PBXNativeTarget section */

/* Begin PBXProject section */
		5A07D52022C68AF400340D5F /* Project object */ = {
			isa = PBXProject;
			attributes = {
				LastSwiftUpdateCheck = 1100;
				LastUpgradeCheck = 1100;
				ORGANIZATIONNAME = "JAVIER CALATRAVA LLAVERIA";
				TargetAttributes = {
					5A07D52722C68AF400340D5F = {
						CreatedOnToolsVersion = 11.0;
					};
					5A07D53D22C68AF800340D5F = {
						CreatedOnToolsVersion = 11.0;
						TestTargetID = 5A07D52722C68AF400340D5F;
					};
				};
			};
			buildConfigurationList = 5A07D52322C68AF400340D5F /* Build configuration list for PBXProject "combine" */;
			compatibilityVersion = "Xcode 9.3";
			developmentRegion = en;
			hasScannedForEncodings = 0;
			knownRegions = (
				en,
				Base,
			);
			mainGroup = 5A07D51F22C68AF400340D5F;
			productRefGroup = 5A07D52922C68AF400340D5F /* Products */;
			projectDirPath = "";
			projectRoot = "";
			targets = (
				5A07D52722C68AF400340D5F /* combine */,
				5A07D53D22C68AF800340D5F /* combineTests */,
			);
		};
/* End PBXProject section */

/* Begin PBXResourcesBuildPhase section */
		5A07D52622C68AF400340D5F /* Resources */ = {
			isa = PBXResourcesBuildPhase;
			buildActionMask = 2147483647;
			files = (
				5A07D53822C68AF800340D5F /* LaunchScreen.storyboard in Resources */,
				5A07D53522C68AF800340D5F /* Preview Assets.xcassets in Resources */,
				5A07D53222C68AF800340D5F /* Assets.xcassets in Resources */,
			);
			runOnlyForDeploymentPostprocessing = 0;
		};
		5A07D53C22C68AF800340D5F /* Resources */ = {
			isa = PBXResourcesBuildPhase;
			buildActionMask = 2147483647;
			files = (
			);
			runOnlyForDeploymentPostprocessing = 0;
		};
/* End PBXResourcesBuildPhase section */

/* Begin PBXSourcesBuildPhase section */
		5A07D52422C68AF400340D5F /* Sources */ = {
			isa = PBXSourcesBuildPhase;
			buildActionMask = 2147483647;
			files = (
				5A07D52C22C68AF400340D5F /* AppDelegate.swift in Sources */,
				5A07D55022C68BD600340D5F /* MainFlowCoordinator.swift in Sources */,
				5A07D52E22C68AF400340D5F /* SceneDelegate.swift in Sources */,
				5A07D53022C68AF400340D5F /* ContentView.swift in Sources */,
			);
			runOnlyForDeploymentPostprocessing = 0;
		};
		5A07D53A22C68AF800340D5F /* Sources */ = {
			isa = PBXSourcesBuildPhase;
			buildActionMask = 2147483647;
			files = (
				5A07D54322C68AF800340D5F /* combineTests.swift in Sources */,
			);
			runOnlyForDeploymentPostprocessing = 0;
		};
/* End PBXSourcesBuildPhase section */

/* Begin PBXTargetDependency section */
		5A07D54022C68AF800340D5F /* PBXTargetDependency */ = {
			isa = PBXTargetDependency;
			target = 5A07D52722C68AF400340D5F /* combine */;
			targetProxy = 5A07D53F22C68AF800340D5F /* PBXContainerItemProxy */;
		};
/* End PBXTargetDependency section */

/* Begin PBXVariantGroup section */
		5A07D53622C68AF800340D5F /* LaunchScreen.storyboard */ = {
			isa = PBXVariantGroup;
			children = (
				5A07D53722C68AF800340D5F /* Base */,
			);
			name = LaunchScreen.storyboard;
			sourceTree = "<group>";
		};
/* End PBXVariantGroup section */

/* Begin XCBuildConfiguration section */
		5A07D54522C68AF800340D5F /* Debug */ = {
			isa = XCBuildConfiguration;
			buildSettings = {
				ALWAYS_SEARCH_USER_PATHS = NO;
				CLANG_ANALYZER_NONNULL = YES;
				CLANG_ANALYZER_NUMBER_OBJECT_CONVERSION = YES_AGGRESSIVE;
				CLANG_CXX_LANGUAGE_STANDARD = "gnu++14";
				CLANG_CXX_LIBRARY = "libc++";
				CLANG_ENABLE_MODULES = YES;
				CLANG_ENABLE_OBJC_ARC = YES;
				CLANG_ENABLE_OBJC_WEAK = YES;
				CLANG_WARN_BLOCK_CAPTURE_AUTORELEASING = YES;
				CLANG_WARN_BOOL_CONVERSION = YES;
				CLANG_WARN_COMMA = YES;
				CLANG_WARN_CONSTANT_CONVERSION = YES;
				CLANG_WARN_DEPRECATED_OBJC_IMPLEMENTATIONS = YES;
				CLANG_WARN_DIRECT_OBJC_ISA_USAGE = YES_ERROR;
				CLANG_WARN_DOCUMENTATION_COMMENTS = YES;
				CLANG_WARN_EMPTY_BODY = YES;
				CLANG_WARN_ENUM_CONVERSION = YES;
				CLANG_WARN_INFINITE_RECURSION = YES;
				CLANG_WARN_INT_CONVERSION = YES;
				CLANG_WARN_NON_LITERAL_NULL_CONVERSION = YES;
				CLANG_WARN_OBJC_IMPLICIT_RETAIN_SELF = YES;
				CLANG_WARN_OBJC_LITERAL_CONVERSION = YES;
				CLANG_WARN_OBJC_ROOT_CLASS = YES_ERROR;
				CLANG_WARN_RANGE_LOOP_ANALYSIS = YES;
				CLANG_WARN_STRICT_PROTOTYPES = YES;
				CLANG_WARN_SUSPICIOUS_MOVE = YES;
				CLANG_WARN_UNGUARDED_AVAILABILITY = YES_AGGRESSIVE;
				CLANG_WARN_UNREACHABLE_CODE = YES;
				CLANG_WARN__DUPLICATE_METHOD_MATCH = YES;
				COPY_PHASE_STRIP = NO;
				DEBUG_INFORMATION_FORMAT = dwarf;
				ENABLE_STRICT_OBJC_MSGSEND = YES;
				ENABLE_TESTABILITY = YES;
				GCC_C_LANGUAGE_STANDARD = gnu11;
				GCC_DYNAMIC_NO_PIC = NO;
				GCC_NO_COMMON_BLOCKS = YES;
				GCC_OPTIMIZATION_LEVEL = 0;
				GCC_PREPROCESSOR_DEFINITIONS = (
					"DEBUG=1",
					"$(inherited)",
				);
				GCC_WARN_64_TO_32_BIT_CONVERSION = YES;
				GCC_WARN_ABOUT_RETURN_TYPE = YES_ERROR;
				GCC_WARN_UNDECLARED_SELECTOR = YES;
				GCC_WARN_UNINITIALIZED_AUTOS = YES_AGGRESSIVE;
				GCC_WARN_UNUSED_FUNCTION = YES;
				GCC_WARN_UNUSED_VARIABLE = YES;
				IPHONEOS_DEPLOYMENT_TARGET = 13.0;
				MTL_ENABLE_DEBUG_INFO = INCLUDE_SOURCE;
				MTL_FAST_MATH = YES;
				ONLY_ACTIVE_ARCH = YES;
				SDKROOT = iphoneos;
				SWIFT_ACTIVE_COMPILATION_CONDITIONS = DEBUG;
				SWIFT_OPTIMIZATION_LEVEL = "-Onone";
			};
			name = Debug;
		};
		5A07D54622C68AF800340D5F /* Release */ = {
			isa = XCBuildConfiguration;
			buildSettings = {
				ALWAYS_SEARCH_USER_PATHS = NO;
				CLANG_ANALYZER_NONNULL = YES;
				CLANG_ANALYZER_NUMBER_OBJECT_CONVERSION = YES_AGGRESSIVE;
				CLANG_CXX_LANGUAGE_STANDARD = "gnu++14";
				CLANG_CXX_LIBRARY = "libc++";
				CLANG_ENABLE_MODULES = YES;
				CLANG_ENABLE_OBJC_ARC = YES;
				CLANG_ENABLE_OBJC_WEAK = YES;
				CLANG_WARN_BLOCK_CAPTURE_AUTORELEASING = YES;
				CLANG_WARN_BOOL_CONVERSION = YES;
				CLANG_WARN_COMMA = YES;
				CLANG_WARN_CONSTANT_CONVERSION = YES;
				CLANG_WARN_DEPRECATED_OBJC_IMPLEMENTATIONS = YES;
				CLANG_WARN_DIRECT_OBJC_ISA_USAGE = YES_ERROR;
				CLANG_WARN_DOCUMENTATION_COMMENTS = YES;
				CLANG_WARN_EMPTY_BODY = YES;
				CLANG_WARN_ENUM_CONVERSION = YES;
				CLANG_WARN_INFINITE_RECURSION = YES;
				CLANG_WARN_INT_CONVERSION = YES;
				CLANG_WARN_NON_LITERAL_NULL_CONVERSION = YES;
				CLANG_WARN_OBJC_IMPLICIT_RETAIN_SELF = YES;
				CLANG_WARN_OBJC_LITERAL_CONVERSION = YES;
				CLANG_WARN_OBJC_ROOT_CLASS = YES_ERROR;
				CLANG_WARN_RANGE_LOOP_ANALYSIS = YES;
				CLANG_WARN_STRICT_PROTOTYPES = YES;
				CLANG_WARN_SUSPICIOUS_MOVE = YES;
				CLANG_WARN_UNGUARDED_AVAILABILITY = YES_AGGRESSIVE;
				CLANG_WARN_UNREACHABLE_CODE = YES;
				CLANG_WARN__DUPLICATE_METHOD_MATCH = YES;
				COPY_PHASE_STRIP = NO;
				DEBUG_INFORMATION_FORMAT = "dwarf-with-dsym";
				ENABLE_NS_ASSERTIONS = NO;
				ENABLE_STRICT_OBJC_MSGSEND = YES;
				GCC_C_LANGUAGE_STANDARD = gnu11;
				GCC_NO_COMMON_BLOCKS = YES;
				GCC_WARN_64_TO_32_BIT_CONVERSION = YES;
				GCC_WARN_ABOUT_RETURN_TYPE = YES_ERROR;
				GCC_WARN_UNDECLARED_SELECTOR = YES;
				GCC_WARN_UNINITIALIZED_AUTOS = YES_AGGRESSIVE;
				GCC_WARN_UNUSED_FUNCTION = YES;
				GCC_WARN_UNUSED_VARIABLE = YES;
				IPHONEOS_DEPLOYMENT_TARGET = 13.0;
				MTL_ENABLE_DEBUG_INFO = NO;
				MTL_FAST_MATH = YES;
				SDKROOT = iphoneos;
				SWIFT_COMPILATION_MODE = wholemodule;
				SWIFT_OPTIMIZATION_LEVEL = "-O";
				VALIDATE_PRODUCT = YES;
			};
			name = Release;
		};
		5A07D54822C68AF800340D5F /* Debug */ = {
			isa = XCBuildConfiguration;
			buildSettings = {
				ASSETCATALOG_COMPILER_APPICON_NAME = AppIcon;
				CODE_SIGN_STYLE = Automatic;
				DEVELOPMENT_ASSET_PATHS = "combine/Preview\\ Content";
				DEVELOPMENT_TEAM = 7ZPDPWR8XU;
				ENABLE_PREVIEWS = YES;
				INFOPLIST_FILE = combine/Info.plist;
				LD_RUNPATH_SEARCH_PATHS = (
					"$(inherited)",
					"@executable_path/Frameworks",
				);
				PRODUCT_BUNDLE_IDENTIFIER = jc.combine;
				PRODUCT_NAME = "$(TARGET_NAME)";
				SWIFT_VERSION = 5.0;
				TARGETED_DEVICE_FAMILY = "1,2";
			};
			name = Debug;
		};
		5A07D54922C68AF800340D5F /* Release */ = {
			isa = XCBuildConfiguration;
			buildSettings = {
				ASSETCATALOG_COMPILER_APPICON_NAME = AppIcon;
				CODE_SIGN_STYLE = Automatic;
				DEVELOPMENT_ASSET_PATHS = "combine/Preview\\ Content";
				DEVELOPMENT_TEAM = 7ZPDPWR8XU;
				ENABLE_PREVIEWS = YES;
				INFOPLIST_FILE = combine/Info.plist;
				LD_RUNPATH_SEARCH_PATHS = (
					"$(inherited)",
					"@executable_path/Frameworks",
				);
				PRODUCT_BUNDLE_IDENTIFIER = jc.combine;
				PRODUCT_NAME = "$(TARGET_NAME)";
				SWIFT_VERSION = 5.0;
				TARGETED_DEVICE_FAMILY = "1,2";
			};
			name = Release;
		};
		5A07D54B22C68AF800340D5F /* Debug */ = {
			isa = XCBuildConfiguration;
			buildSettings = {
				ALWAYS_EMBED_SWIFT_STANDARD_LIBRARIES = YES;
				BUNDLE_LOADER = "$(TEST_HOST)";
				CODE_SIGN_STYLE = Automatic;
				DEVELOPMENT_TEAM = 7ZPDPWR8XU;
				INFOPLIST_FILE = combineTests/Info.plist;
				LD_RUNPATH_SEARCH_PATHS = (
					"$(inherited)",
					"@executable_path/Frameworks",
					"@loader_path/Frameworks",
				);
				PRODUCT_BUNDLE_IDENTIFIER = jc.combineTests;
				PRODUCT_NAME = "$(TARGET_NAME)";
				SWIFT_VERSION = 5.0;
				TARGETED_DEVICE_FAMILY = "1,2";
				TEST_HOST = "$(BUILT_PRODUCTS_DIR)/combine.app/combine";
			};
			name = Debug;
		};
		5A07D54C22C68AF800340D5F /* Release */ = {
			isa = XCBuildConfiguration;
			buildSettings = {
				ALWAYS_EMBED_SWIFT_STANDARD_LIBRARIES = YES;
				BUNDLE_LOADER = "$(TEST_HOST)";
				CODE_SIGN_STYLE = Automatic;
				DEVELOPMENT_TEAM = 7ZPDPWR8XU;
				INFOPLIST_FILE = combineTests/Info.plist;
				LD_RUNPATH_SEARCH_PATHS = (
					"$(inherited)",
					"@executable_path/Frameworks",
					"@loader_path/Frameworks",
				);
				PRODUCT_BUNDLE_IDENTIFIER = jc.combineTests;
				PRODUCT_NAME = "$(TARGET_NAME)";
				SWIFT_VERSION = 5.0;
				TARGETED_DEVICE_FAMILY = "1,2";
				TEST_HOST = "$(BUILT_PRODUCTS_DIR)/combine.app/combine";
			};
			name = Release;
		};
/* End XCBuildConfiguration section */

/* Begin XCConfigurationList section */
		5A07D52322C68AF400340D5F /* Build configuration list for PBXProject "combine" */ = {
			isa = XCConfigurationList;
			buildConfigurations = (
				5A07D54522C68AF800340D5F /* Debug */,
				5A07D54622C68AF800340D5F /* Release */,
			);
			defaultConfigurationIsVisible = 0;
			defaultConfigurationName = Release;
		};
		5A07D54722C68AF800340D5F /* Build configuration list for PBXNativeTarget "combine" */ = {
			isa = XCConfigurationList;
			buildConfigurations = (
				5A07D54822C68AF800340D5F /* Debug */,
				5A07D54922C68AF800340D5F /* Release */,
			);
			defaultConfigurationIsVisible = 0;
			defaultConfigurationName = Release;
		};
		5A07D54A22C68AF800340D5F /* Build configuration list for PBXNativeTarget "combineTests" */ = {
			isa = XCConfigurationList;
			buildConfigurations = (
				5A07D54B22C68AF800340D5F /* Debug */,
				5A07D54C22C68AF800340D5F /* Release */,
			);
			defaultConfigurationIsVisible = 0;
			defaultConfigurationName = Release;
		};
/* End XCConfigurationList section */
	};
	rootObject = 5A07D52022C68AF400340D5F /* Project object */;
}
